// !$*UTF8*$!
{
	archiveVersion = 1;
	classes = {
	};
	objectVersion = 46;
	objects = {

/* Begin PBXBuildFile section */
		954126DC1DB2D49900BD6321 /* AppDelegate.swift in Sources */ = {isa = PBXBuildFile; fileRef = 954126DB1DB2D49900BD6321 /* AppDelegate.swift */; };
		954126DE1DB2D49900BD6321 /* ViewController.swift in Sources */ = {isa = PBXBuildFile; fileRef = 954126DD1DB2D49900BD6321 /* ViewController.swift */; };
		954126E11DB2D49900BD6321 /* Main.storyboard in Resources */ = {isa = PBXBuildFile; fileRef = 954126DF1DB2D49900BD6321 /* Main.storyboard */; };
		954126E31DB2D49900BD6321 /* Assets.xcassets in Resources */ = {isa = PBXBuildFile; fileRef = 954126E21DB2D49900BD6321 /* Assets.xcassets */; };
		954126E61DB2D49900BD6321 /* LaunchScreen.storyboard in Resources */ = {isa = PBXBuildFile; fileRef = 954126E41DB2D49900BD6321 /* LaunchScreen.storyboard */; };
/* End PBXBuildFile section */

/* Begin PBXFileReference section */
		954126D81DB2D49900BD6321 /* SlideMenueControllerExample.app */ = {isa = PBXFileReference; explicitFileType = wrapper.application; includeInIndex = 0; path = SlideMenueControllerExample.app; sourceTree = BUILT_PRODUCTS_DIR; };
		954126DB1DB2D49900BD6321 /* AppDelegate.swift */ = {isa = PBXFileReference; lastKnownFileType = sourcecode.swift; path = AppDelegate.swift; sourceTree = "<group>"; };
		954126DD1DB2D49900BD6321 /* ViewController.swift */ = {isa = PBXFileReference; lastKnownFileType = sourcecode.swift; path = ViewController.swift; sourceTree = "<group>"; };
		954126E01DB2D49900BD6321 /* Base */ = {isa = PBXFileReference; lastKnownFileType = file.storyboard; name = Base; path = Base.lproj/Main.storyboard; sourceTree = "<group>"; };
		954126E21DB2D49900BD6321 /* Assets.xcassets */ = {isa = PBXFileReference; lastKnownFileType = folder.assetcatalog; path = Assets.xcassets; sourceTree = "<group>"; };
		954126E51DB2D49900BD6321 /* Base */ = {isa = PBXFileReference; lastKnownFileType = file.storyboard; name = Base; path = Base.lproj/LaunchScreen.storyboard; sourceTree = "<group>"; };
		954126E71DB2D49900BD6321 /* Info.plist */ = {isa = PBXFileReference; lastKnownFileType = text.plist.xml; path = Info.plist; sourceTree = "<group>"; };
/* End PBXFileReference section */

/* Begin PBXFrameworksBuildPhase section */
		954126D51DB2D49900BD6321 /* Frameworks */ = {
			isa = PBXFrameworksBuildPhase;
			buildActionMask = 2147483647;
			files = (
			);
			runOnlyForDeploymentPostprocessing = 0;
		};
/* End PBXFrameworksBuildPhase section */

/* Begin PBXGroup section */
		954126CF1DB2D49900BD6321 = {
			isa = PBXGroup;
			children = (
				954126DA1DB2D49900BD6321 /* SlideMenueControllerExample */,
				954126D91DB2D49900BD6321 /* Products */,
			);
			sourceTree = "<group>";
		};
		954126D91DB2D49900BD6321 /* Products */ = {
			isa = PBXGroup;
			children = (
				954126D81DB2D49900BD6321 /* SlideMenueControllerExample.app */,
			);
			name = Products;
			sourceTree = "<group>";
		};
		954126DA1DB2D49900BD6321 /* SlideMenueControllerExample */ = {
			isa = PBXGroup;
			children = (
				954126DB1DB2D49900BD6321 /* AppDelegate.swift */,
				954126DD1DB2D49900BD6321 /* ViewController.swift */,
				954126DF1DB2D49900BD6321 /* Main.storyboard */,
				954126E21DB2D49900BD6321 /* Assets.xcassets */,
				954126E41DB2D49900BD6321 /* LaunchScreen.storyboard */,
				954126E71DB2D49900BD6321 /* Info.plist */,
			);
			path = SlideMenueControllerExample;
			sourceTree = "<group>";
		};
/* End PBXGroup section */

/* Begin PBXNativeTarget section */
		954126D71DB2D49900BD6321 /* SlideMenueControllerExample */ = {
			isa = PBXNativeTarget;
			buildConfigurationList = 954126EA1DB2D49900BD6321 /* Build configuration list for PBXNativeTarget "SlideMenueControllerExample" */;
			buildPhases = (
				954126D41DB2D49900BD6321 /* Sources */,
				954126D51DB2D49900BD6321 /* Frameworks */,
				954126D61DB2D49900BD6321 /* Resources */,
			);
			buildRules = (
			);
			dependencies = (
			);
			name = SlideMenueControllerExample;
			productName = SlideMenueControllerExample;
			productReference = 954126D81DB2D49900BD6321 /* SlideMenueControllerExample.app */;
			productType = "com.apple.product-type.application";
		};
/* End PBXNativeTarget section */

/* Begin PBXProject section */
		954126D01DB2D49900BD6321 /* Project object */ = {
			isa = PBXProject;
			attributes = {
				LastSwiftUpdateCheck = 0800;
				LastUpgradeCheck = 0800;
				ORGANIZATIONNAME = "Jeff Schmitz";
				TargetAttributes = {
					954126D71DB2D49900BD6321 = {
						CreatedOnToolsVersion = 8.0;
						DevelopmentTeam = 3Q3NT65HWY;
						ProvisioningStyle = Automatic;
					};
				};
			};
			buildConfigurationList = 954126D31DB2D49900BD6321 /* Build configuration list for PBXProject "SlideMenueControllerExample" */;
			compatibilityVersion = "Xcode 3.2";
			developmentRegion = English;
			hasScannedForEncodings = 0;
			knownRegions = (
				en,
				Base,
			);
			mainGroup = 954126CF1DB2D49900BD6321;
			productRefGroup = 954126D91DB2D49900BD6321 /* Products */;
			projectDirPath = "";
			projectRoot = "";
			targets = (
				954126D71DB2D49900BD6321 /* SlideMenueControllerExample */,
			);
		};
/* End PBXProject section */

/* Begin PBXResourcesBuildPhase section */
		954126D61DB2D49900BD6321 /* Resources */ = {
			isa = PBXResourcesBuildPhase;
			buildActionMask = 2147483647;
			files = (
				954126E61DB2D49900BD6321 /* LaunchScreen.storyboard in Resources */,
				954126E31DB2D49900BD6321 /* Assets.xcassets in Resources */,
				954126E11DB2D49900BD6321 /* Main.storyboard in Resources */,
			);
			runOnlyForDeploymentPostprocessing = 0;
		};
/* End PBXResourcesBuildPhase section */

/* Begin PBXSourcesBuildPhase section */
		954126D41DB2D49900BD6321 /* Sources */ = {
			isa = PBXSourcesBuildPhase;
			buildActionMask = 2147483647;
			files = (
				954126DE1DB2D49900BD6321 /* ViewController.swift in Sources */,
				954126DC1DB2D49900BD6321 /* AppDelegate.swift in Sources */,
			);
			runOnlyForDeploymentPostprocessing = 0;
		};
/* End PBXSourcesBuildPhase section */

/* Begin PBXVariantGroup section */
		954126DF1DB2D49900BD6321 /* Main.storyboard */ = {
			isa = PBXVariantGroup;
			children = (
				954126E01DB2D49900BD6321 /* Base */,
			);
			name = Main.storyboard;
			sourceTree = "<group>";
		};
		954126E41DB2D49900BD6321 /* LaunchScreen.storyboard */ = {
			isa = PBXVariantGroup;
			children = (
				954126E51DB2D49900BD6321 /* Base */,
			);
			name = LaunchScreen.storyboard;
			sourceTree = "<group>";
		};
/* End PBXVariantGroup section */

/* Begin XCBuildConfiguration section */
		954126E81DB2D49900BD6321 /* Debug */ = {
			isa = XCBuildConfiguration;
			buildSettings = {
				ALWAYS_SEARCH_USER_PATHS = NO;
				CLANG_ANALYZER_NONNULL = YES;
				CLANG_CXX_LANGUAGE_STANDARD = "gnu++0x";
				CLANG_CXX_LIBRARY = "libc++";
				CLANG_ENABLE_MODULES = YES;
				CLANG_ENABLE_OBJC_ARC = YES;
				CLANG_WARN_BOOL_CONVERSION = YES;
				CLANG_WARN_CONSTANT_CONVERSION = YES;
				CLANG_WARN_DIRECT_OBJC_ISA_USAGE = YES_ERROR;
				CLANG_WARN_DOCUMENTATION_COMMENTS = YES;
				CLANG_WARN_EMPTY_BODY = YES;
				CLANG_WARN_ENUM_CONVERSION = YES;
				CLANG_WARN_INFINITE_RECURSION = YES;
				CLANG_WARN_INT_CONVERSION = YES;
				CLANG_WARN_OBJC_ROOT_CLASS = YES_ERROR;
				CLANG_WARN_SUSPICIOUS_MOVES = YES;
				CLANG_WARN_UNREACHABLE_CODE = YES;
				CLANG_WARN__DUPLICATE_METHOD_MATCH = YES;
				"CODE_SIGN_IDENTITY[sdk=iphoneos*]" = "iPhone Developer";
				COPY_PHASE_STRIP = NO;
				DEBUG_INFORMATION_FORMAT = dwarf;
				ENABLE_STRICT_OBJC_MSGSEND = YES;
				ENABLE_TESTABILITY = YES;
				GCC_C_LANGUAGE_STANDARD = gnu99;
				GCC_DYNAMIC_NO_PIC = NO;
				GCC_NO_COMMON_BLOCKS = YES;
				GCC_OPTIMIZATION_LEVEL = 0;
				GCC_PREPROCESSOR_DEFINITIONS = (
					"DEBUG=1",
					"$(inherited)",
				);
				GCC_WARN_64_TO_32_BIT_CONVERSION = YES;
				GCC_WARN_ABOUT_RETURN_TYPE = YES_ERROR;
				GCC_WARN_UNDECLARED_SELECTOR = YES;
				GCC_WARN_UNINITIALIZED_AUTOS = YES_AGGRESSIVE;
				GCC_WARN_UNUSED_FUNCTION = YES;
				GCC_WARN_UNUSED_VARIABLE = YES;
				IPHONEOS_DEPLOYMENT_TARGET = 10.0;
				MTL_ENABLE_DEBUG_INFO = YES;
				ONLY_ACTIVE_ARCH = YES;
				SDKROOT = iphoneos;
				SWIFT_ACTIVE_COMPILATION_CONDITIONS = DEBUG;
				SWIFT_OPTIMIZATION_LEVEL = "-Onone";
				TARGETED_DEVICE_FAMILY = "1,2";
			};
			name = Debug;
		};
		954126E91DB2D49900BD6321 /* Release */ = {
			isa = XCBuildConfiguration;
			buildSettings = {
				ALWAYS_SEARCH_USER_PATHS = NO;
				CLANG_ANALYZER_NONNULL = YES;
				CLANG_CXX_LANGUAGE_STANDARD = "gnu++0x";
				CLANG_CXX_LIBRARY = "libc++";
				CLANG_ENABLE_MODULES = YES;
				CLANG_ENABLE_OBJC_ARC = YES;
				CLANG_WARN_BOOL_CONVERSION = YES;
				CLANG_WARN_CONSTANT_CONVERSION = YES;
				CLANG_WARN_DIRECT_OBJC_ISA_USAGE = YES_ERROR;
				CLANG_WARN_DOCUMENTATION_COMMENTS = YES;
				CLANG_WARN_EMPTY_BODY = YES;
				CLANG_WARN_ENUM_CONVERSION = YES;
				CLANG_WARN_INFINITE_RECURSION = YES;
				CLANG_WARN_INT_CONVERSION = YES;
				CLANG_WARN_OBJC_ROOT_CLASS = YES_ERROR;
				CLANG_WARN_SUSPICIOUS_MOVES = YES;
				CLANG_WARN_UNREACHABLE_CODE = YES;
				CLANG_WARN__DUPLICATE_METHOD_MATCH = YES;
				"CODE_SIGN_IDENTITY[sdk=iphoneos*]" = "iPhone Developer";
				COPY_PHASE_STRIP = NO;
				DEBUG_INFORMATION_FORMAT = "dwarf-with-dsym";
				ENABLE_NS_ASSERTIONS = NO;
				ENABLE_STRICT_OBJC_MSGSEND = YES;
				GCC_C_LANGUAGE_STANDARD = gnu99;
				GCC_NO_COMMON_BLOCKS = YES;
				GCC_WARN_64_TO_32_BIT_CONVERSION = YES;
				GCC_WARN_ABOUT_RETURN_TYPE = YES_ERROR;
				GCC_WARN_UNDECLARED_SELECTOR = YES;
				GCC_WARN_UNINITIALIZED_AUTOS = YES_AGGRESSIVE;
				GCC_WARN_UNUSED_FUNCTION = YES;
				GCC_WARN_UNUSED_VARIABLE = YES;
				IPHONEOS_DEPLOYMENT_TARGET = 10.0;
				MTL_ENABLE_DEBUG_INFO = NO;
				SDKROOT = iphoneos;
				SWIFT_OPTIMIZATION_LEVEL = "-Owholemodule";
				TARGETED_DEVICE_FAMILY = "1,2";
				VALIDATE_PRODUCT = YES;
			};
			name = Release;
		};
		954126EB1DB2D49900BD6321 /* Debug */ = {
			isa = XCBuildConfiguration;
			buildSettings = {
				ASSETCATALOG_COMPILER_APPICON_NAME = AppIcon;
				DEVELOPMENT_TEAM = 3Q3NT65HWY;
				INFOPLIST_FILE = SlideMenueControllerExample/Info.plist;
				LD_RUNPATH_SEARCH_PATHS = "$(inherited) @executable_path/Frameworks";
				PRODUCT_BUNDLE_IDENTIFIER = com.codefume.SlideMenueControllerExample;
				PRODUCT_NAME = "$(TARGET_NAME)";
				SWIFT_VERSION = 3.0;
			};
			name = Debug;
		};
		954126EC1DB2D49900BD6321 /* Release */ = {
			isa = XCBuildConfiguration;
			buildSettings = {
				ASSETCATALOG_COMPILER_APPICON_NAME = AppIcon;
				DEVELOPMENT_TEAM = 3Q3NT65HWY;
				INFOPLIST_FILE = SlideMenueControllerExample/Info.plist;
				LD_RUNPATH_SEARCH_PATHS = "$(inherited) @executable_path/Frameworks";
				PRODUCT_BUNDLE_IDENTIFIER = com.codefume.SlideMenueControllerExample;
				PRODUCT_NAME = "$(TARGET_NAME)";
				SWIFT_VERSION = 3.0;
			};
			name = Release;
		};
/* End XCBuildConfiguration section */

/* Begin XCConfigurationList section */
		954126D31DB2D49900BD6321 /* Build configuration list for PBXProject "SlideMenueControllerExample" */ = {
			isa = XCConfigurationList;
			buildConfigurations = (
				954126E81DB2D49900BD6321 /* Debug */,
				954126E91DB2D49900BD6321 /* Release */,
			);
			defaultConfigurationIsVisible = 0;
			defaultConfigurationName = Release;
		};
		954126EA1DB2D49900BD6321 /* Build configuration list for PBXNativeTarget "SlideMenueControllerExample" */ = {
			isa = XCConfigurationList;
			buildConfigurations = (
				954126EB1DB2D49900BD6321 /* Debug */,
				954126EC1DB2D49900BD6321 /* Release */,
			);
			defaultConfigurationIsVisible = 0;
		};
/* End XCConfigurationList section */
	};
	rootObject = 954126D01DB2D49900BD6321 /* Project object */;
}
